
Microsoft Visual Studio Solution File, Format Version 12.00
# Visual Studio 15
VisualStudioVersion = 15.0.28307.1000
MinimumVisualStudioVersion = 10.0.40219.1
Project("{8BC9CEB8-8B4A-11D0-8D11-00A0C91BC942}") = "TDD_Server_and_Client", "TDD_Server_and_Client\TDD_Server_and_Client.vcxproj", "{EAC61894-CE5E-44B1-887C-37E9ACF994AF}"
	ProjectSection(ProjectDependencies) = postProject
		{A152E92A-BD7B-4A0B-B93A-225B6862C044} = {A152E92A-BD7B-4A0B-B93A-225B6862C044}
		{975C899D-D496-4A34-A410-916748408762} = {975C899D-D496-4A34-A410-916748408762}
	EndProjectSection
EndProject
Project("{8BC9CEB8-8B4A-11D0-8D11-00A0C91BC942}") = "test", "test\test.vcxproj", "{9DA209C7-B873-48B8-9213-2172F6AAB798}"
EndProject
Project("{8BC9CEB8-8B4A-11D0-8D11-00A0C91BC942}") = "Client", "Client\Client.vcxproj", "{A152E92A-BD7B-4A0B-B93A-225B6862C044}"
EndProject
Project("{8BC9CEB8-8B4A-11D0-8D11-00A0C91BC942}") = "Server", "Server\Server.vcxproj", "{975C899D-D496-4A34-A410-916748408762}"
EndProject
Project("{8BC9CEB8-8B4A-11D0-8D11-00A0C91BC942}") = "ServerUI", "ServerUI\ServerUI.vcxproj", "{F4FDE29D-EEEE-42A7-B30D-8481A801F34D}"
	ProjectSection(ProjectDependencies) = postProject
		{975C899D-D496-4A34-A410-916748408762} = {975C899D-D496-4A34-A410-916748408762}
	EndProjectSection
EndProject
Project("{8BC9CEB8-8B4A-11D0-8D11-00A0C91BC942}") = "ClientUI", "ClientUI\ClientUI.vcxproj", "{748AE8DE-EA60-437E-8574-17E0246A7B5E}"
	ProjectSection(ProjectDependencies) = postProject
		{A152E92A-BD7B-4A0B-B93A-225B6862C044} = {A152E92A-BD7B-4A0B-B93A-225B6862C044}
	EndProjectSection
EndProject
Global
	GlobalSection(SolutionConfigurationPlatforms) = preSolution
		Debug|x64 = Debug|x64
		Debug|x86 = Debug|x86
		Release|x64 = Release|x64
		Release|x86 = Release|x86
	EndGlobalSection
	GlobalSection(ProjectConfigurationPlatforms) = postSolution
		{EAC61894-CE5E-44B1-887C-37E9ACF994AF}.Debug|x64.ActiveCfg = Debug|x64
		{EAC61894-CE5E-44B1-887C-37E9ACF994AF}.Debug|x64.Build.0 = Debug|x64
		{EAC61894-CE5E-44B1-887C-37E9ACF994AF}.Debug|x86.ActiveCfg = Debug|Win32
		{EAC61894-CE5E-44B1-887C-37E9ACF994AF}.Debug|x86.Build.0 = Debug|Win32
		{EAC61894-CE5E-44B1-887C-37E9ACF994AF}.Release|x64.ActiveCfg = Release|x64
		{EAC61894-CE5E-44B1-887C-37E9ACF994AF}.Release|x64.Build.0 = Release|x64
		{EAC61894-CE5E-44B1-887C-37E9ACF994AF}.Release|x86.ActiveCfg = Release|Win32
		{EAC61894-CE5E-44B1-887C-37E9ACF994AF}.Release|x86.Build.0 = Release|Win32
		{9DA209C7-B873-48B8-9213-2172F6AAB798}.Debug|x64.ActiveCfg = Debug|x64
		{9DA209C7-B873-48B8-9213-2172F6AAB798}.Debug|x64.Build.0 = Debug|x64
		{9DA209C7-B873-48B8-9213-2172F6AAB798}.Debug|x86.ActiveCfg = Debug|Win32
		{9DA209C7-B873-48B8-9213-2172F6AAB798}.Debug|x86.Build.0 = Debug|Win32
		{9DA209C7-B873-48B8-9213-2172F6AAB798}.Release|x64.ActiveCfg = Release|x64
		{9DA209C7-B873-48B8-9213-2172F6AAB798}.Release|x64.Build.0 = Release|x64
		{9DA209C7-B873-48B8-9213-2172F6AAB798}.Release|x86.ActiveCfg = Release|Win32
		{9DA209C7-B873-48B8-9213-2172F6AAB798}.Release|x86.Build.0 = Release|Win32
		{A152E92A-BD7B-4A0B-B93A-225B6862C044}.Debug|x64.ActiveCfg = Debug|x64
		{A152E92A-BD7B-4A0B-B93A-225B6862C044}.Debug|x64.Build.0 = Debug|x64
		{A152E92A-BD7B-4A0B-B93A-225B6862C044}.Debug|x86.ActiveCfg = Debug|Win32
		{A152E92A-BD7B-4A0B-B93A-225B6862C044}.Debug|x86.Build.0 = Debug|Win32
		{A152E92A-BD7B-4A0B-B93A-225B6862C044}.Release|x64.ActiveCfg = Release|x64
		{A152E92A-BD7B-4A0B-B93A-225B6862C044}.Release|x64.Build.0 = Release|x64
		{A152E92A-BD7B-4A0B-B93A-225B6862C044}.Release|x86.ActiveCfg = Release|Win32
		{A152E92A-BD7B-4A0B-B93A-225B6862C044}.Release|x86.Build.0 = Release|Win32
		{975C899D-D496-4A34-A410-916748408762}.Debug|x64.ActiveCfg = Debug|x64
		{975C899D-D496-4A34-A410-916748408762}.Debug|x64.Build.0 = Debug|x64
		{975C899D-D496-4A34-A410-916748408762}.Debug|x86.ActiveCfg = Debug|Win32
		{975C899D-D496-4A34-A410-916748408762}.Debug|x86.Build.0 = Debug|Win32
		{975C899D-D496-4A34-A410-916748408762}.Release|x64.ActiveCfg = Release|x64
		{975C899D-D496-4A34-A410-916748408762}.Release|x64.Build.0 = Release|x64
		{975C899D-D496-4A34-A410-916748408762}.Release|x86.ActiveCfg = Release|Win32
		{975C899D-D496-4A34-A410-916748408762}.Release|x86.Build.0 = Release|Win32
		{F4FDE29D-EEEE-42A7-B30D-8481A801F34D}.Debug|x64.ActiveCfg = Debug|x64
		{F4FDE29D-EEEE-42A7-B30D-8481A801F34D}.Debug|x64.Build.0 = Debug|x64
		{F4FDE29D-EEEE-42A7-B30D-8481A801F34D}.Debug|x86.ActiveCfg = Debug|Win32
		{F4FDE29D-EEEE-42A7-B30D-8481A801F34D}.Debug|x86.Build.0 = Debug|Win32
		{F4FDE29D-EEEE-42A7-B30D-8481A801F34D}.Release|x64.ActiveCfg = Release|x64
		{F4FDE29D-EEEE-42A7-B30D-8481A801F34D}.Release|x64.Build.0 = Release|x64
		{F4FDE29D-EEEE-42A7-B30D-8481A801F34D}.Release|x86.ActiveCfg = Release|Win32
		{F4FDE29D-EEEE-42A7-B30D-8481A801F34D}.Release|x86.Build.0 = Release|Win32
		{748AE8DE-EA60-437E-8574-17E0246A7B5E}.Debug|x64.ActiveCfg = Debug|x64
		{748AE8DE-EA60-437E-8574-17E0246A7B5E}.Debug|x64.Build.0 = Debug|x64
		{748AE8DE-EA60-437E-8574-17E0246A7B5E}.Debug|x86.ActiveCfg = Debug|Win32
		{748AE8DE-EA60-437E-8574-17E0246A7B5E}.Debug|x86.Build.0 = Debug|Win32
		{748AE8DE-EA60-437E-8574-17E0246A7B5E}.Release|x64.ActiveCfg = Release|x64
		{748AE8DE-EA60-437E-8574-17E0246A7B5E}.Release|x64.Build.0 = Release|x64
		{748AE8DE-EA60-437E-8574-17E0246A7B5E}.Release|x86.ActiveCfg = Release|Win32
		{748AE8DE-EA60-437E-8574-17E0246A7B5E}.Release|x86.Build.0 = Release|Win32
	EndGlobalSection
	GlobalSection(SolutionProperties) = preSolution
		HideSolutionNode = FALSE
	EndGlobalSection
	GlobalSection(ExtensibilityGlobals) = postSolution
		SolutionGuid = {E0E2AA96-A716-42B8-9B58-A930FC1C1508}
	EndGlobalSection
EndGlobal
